
Microsoft Visual Studio Solution File, Format Version 12.00
# Visual Studio Version 16
VisualStudioVersion = 16.0.31702.278
MinimumVisualStudioVersion = 10.0.40219.1
Project("{FAE04EC0-301F-11D3-BF4B-00C04F79EFBC}") = "TylerGray_Ensurem", "TylerGray_Ensurem.csproj", "{A008EBD7-FC17-48F3-960E-092FF9C32BC4}"
EndProject
Global
	GlobalSection(SolutionConfigurationPlatforms) = preSolution
		Debug|Any CPU = Debug|Any CPU
		Release|Any CPU = Release|Any CPU
	EndGlobalSection
	GlobalSection(ProjectConfigurationPlatforms) = postSolution
		{A008EBD7-FC17-48F3-960E-092FF9C32BC4}.Debug|Any CPU.ActiveCfg = Debug|Any CPU
		{A008EBD7-FC17-48F3-960E-092FF9C32BC4}.Debug|Any CPU.Build.0 = Debug|Any CPU
		{A008EBD7-FC17-48F3-960E-092FF9C32BC4}.Release|Any CPU.ActiveCfg = Release|Any CPU
		{A008EBD7-FC17-48F3-960E-092FF9C32BC4}.Release|Any CPU.Build.0 = Release|Any CPU
	EndGlobalSection
	GlobalSection(SolutionProperties) = preSolution
		HideSolutionNode = FALSE
	EndGlobalSection
	GlobalSection(ExtensibilityGlobals) = postSolution
		SolutionGuid = {941767B8-53AC-4ABC-B8EB-BEEB0F7014DA}
	EndGlobalSection
EndGlobal
